Microsoft Visual Studio Solution File, Format Version 12.00
# Visual Studio Version 17
VisualStudioVersion = 17.5.2.0
MinimumVisualStudioVersion = 10.0.40219.1
Project("{FAE04EC0-301F-11D3-BF4B-00C04F79EFBC}") = "Decisions.NavigationMenu.Views", "Decisions.NavigationMenu.Views.csproj", "{7767180F-DF7F-BE78-6C54-A3E4FAA3854E}"
EndProject
Project("{FAE04EC0-301F-11D3-BF4B-00C04F79EFBC}") = "Decisions.NavigationMenu", "Decisions.NavigationMenu.csproj", "{FA1F42B4-56EA-3FCA-125D-B1512CF3D4E2}"
EndProject
Global
	GlobalSection(SolutionConfigurationPlatforms) = preSolution
		Debug|Any CPU = Debug|Any CPU
		Release|Any CPU = Release|Any CPU
	EndGlobalSection
	GlobalSection(ProjectConfigurationPlatforms) = postSolution
		{7767180F-DF7F-BE78-6C54-A3E4FAA3854E}.Debug|Any CPU.ActiveCfg = Debug|Any CPU
		{7767180F-DF7F-BE78-6C54-A3E4FAA3854E}.Debug|Any CPU.Build.0 = Debug|Any CPU
		{7767180F-DF7F-BE78-6C54-A3E4FAA3854E}.Release|Any CPU.ActiveCfg = Release|Any CPU
		{7767180F-DF7F-BE78-6C54-A3E4FAA3854E}.Release|Any CPU.Build.0 = Release|Any CPU
		{FA1F42B4-56EA-3FCA-125D-B1512CF3D4E2}.Debug|Any CPU.ActiveCfg = Debug|Any CPU
		{FA1F42B4-56EA-3FCA-125D-B1512CF3D4E2}.Debug|Any CPU.Build.0 = Debug|Any CPU
		{FA1F42B4-56EA-3FCA-125D-B1512CF3D4E2}.Release|Any CPU.ActiveCfg = Release|Any CPU
		{FA1F42B4-56EA-3FCA-125D-B1512CF3D4E2}.Release|Any CPU.Build.0 = Release|Any CPU
	EndGlobalSection
	GlobalSection(SolutionProperties) = preSolution
		HideSolutionNode = FALSE
	EndGlobalSection
	GlobalSection(ExtensibilityGlobals) = postSolution
		SolutionGuid = {A041F560-BA6D-4E11-8F70-35CB6CF59397}
	EndGlobalSection
EndGlobal
